<?xml version="1.0" encoding="utf-8"?>
<Project ToolsVersion="4.0" xmlns="http://schemas.microsoft.com/developer/msbuild/2003">
  <ItemGroup>
    <ClInclude Include="src\Entity\Entities\BoxBoundary.hpp">
      <Filter>src\Entity\Entities</Filter>
    </ClInclude>
    <ClInclude Include="src\Entity\Entities\BasicPlatform.hpp">
      <Filter>src\Entity\Entities</Filter>
    </ClInclude>
    <ClInclude Include="src\Entity\AbstractEntity.hpp">
      <Filter>src\Entity</Filter>
    </ClInclude>
    <ClInclude Include="src\Entity\EntityContactListener.hpp">
      <Filter>src\Entity</Filter>
    </ClInclude>
    <ClInclude Include="src\Entity\GraphicalEntity.hpp">
      <Filter>src\Entity</Filter>
    </ClInclude>
    <ClInclude Include="src\Entity\PhysicalEntity.hpp">
      <Filter>src\Entity</Filter>
    </ClInclude>
    <ClInclude Include="src\Entity\WorldEntity.hpp">
      <Filter>src\Entity</Filter>
    </ClInclude>
    <ClInclude Include="src\constants.hpp">
      <Filter>src</Filter>
    </ClInclude>
    <ClInclude Include="src\Entity\Entities\Square.hpp">
      <Filter>src\Entity\Entities</Filter>
    </ClInclude>
    <ClInclude Include="src\Entity\Entities\TrailBullet.hpp">
      <Filter>src\Entity\Entities</Filter>
    </ClInclude>
    <ClInclude Include="src\Level\AbstractLevel.hpp">
      <Filter>src\Entity\Level</Filter>
    </ClInclude>
    <ClInclude Include="src\Level\Levels\TestLevel.hpp">
      <Filter>src\Entity\Level\Levels</Filter>
    </ClInclude>
    <ClInclude Include="src\sfmlToBox2D.hpp">
      <Filter>src</Filter>
    </ClInclude>
    <ClInclude Include="src\Entity\Entities\BasicSlope.hpp">
      <Filter>src\Entity\Entities</Filter>
    </ClInclude>
  </ItemGroup>
  <ItemGroup>
    <ClCompile Include="src\Entity\Entities\BoxBoundary.cpp">
      <Filter>src\Entity\Entities</Filter>
    </ClCompile>
    <ClCompile Include="src\Entity\Entities\Square.cpp">
      <Filter>src\Entity\Entities</Filter>
    </ClCompile>
    <ClCompile Include="src\Entity\Entities\BasicPlatform.cpp">
      <Filter>src\Entity\Entities</Filter>
    </ClCompile>
    <ClCompile Include="src\Entity\EntityContactListener.cpp">
      <Filter>src\Entity</Filter>
    </ClCompile>
    <ClCompile Include="src\Entity\WorldEntity.cpp">
      <Filter>src\Entity</Filter>
    </ClCompile>
    <ClCompile Include="src\main.cpp">
      <Filter>src</Filter>
    </ClCompile>
    <ClCompile Include="src\Entity\Entities\TrailBullet.cpp">
      <Filter>src\Entity\Entities</Filter>
    </ClCompile>
    <ClCompile Include="src\Level\Levels\TestLevel.cpp">
      <Filter>src\Entity\Level\Levels</Filter>
    </ClCompile>
    <ClCompile Include="src\sfmlToBox2D.cpp">
      <Filter>src</Filter>
    </ClCompile>
    <ClCompile Include="src\Entity\Entities\BasicSlope.cpp">
      <Filter>src\Entity\Entities</Filter>
    </ClCompile>
    <ClCompile Include="src\Level\AbstractLevel.cpp">
      <Filter>src\Entity\Level</Filter>
    </ClCompile>
  </ItemGroup>
  <ItemGroup>
    <Filter Include="src">
      <UniqueIdentifier>{884220f2-2eb4-4418-b1e5-9a346f75e13f}</UniqueIdentifier>
    </Filter>
    <Filter Include="src\Entity">
      <UniqueIdentifier>{ce1b863c-a522-4162-9d65-bfa5042eebc0}</UniqueIdentifier>
    </Filter>
    <Filter Include="src\Entity\Entities">
      <UniqueIdentifier>{8b48b7cb-4461-4f1b-aa56-e32e5f01d67e}</UniqueIdentifier>
    </Filter>
    <Filter Include="src\Entity\Level">
      <UniqueIdentifier>{e8a5102e-a5e0-499e-a711-5362c67cbe8c}</UniqueIdentifier>
    </Filter>
    <Filter Include="src\Entity\Level\Levels">
      <UniqueIdentifier>{90d0cff7-639c-41f1-be1b-80113cd9351d}</UniqueIdentifier>
    </Filter>
  </ItemGroup>
  <ItemGroup>
    <None Include="platformGame.sln" />
  </ItemGroup>
</Project>